
Microsoft Visual Studio Solution File, Format Version 12.00
Project("{2150E333-8FDC-42A3-9474-1A3956D46DE8}") = "Domain", "Domain", "{C7D397AB-07AC-4C57-83E2-9146E8E51BFE}"
EndProject
Project("{2150E333-8FDC-42A3-9474-1A3956D46DE8}") = "Infra.Bus", "Infra.Bus", "{E50F3907-9545-4F3B-8C8A-1C0DF4437064}"
EndProject
Project("{2150E333-8FDC-42A3-9474-1A3956D46DE8}") = "Infra.IoC", "Infra.IoC", "{C4152791-FBCA-49DA-82E9-FAD5BB12352F}"
EndProject
Project("{2150E333-8FDC-42A3-9474-1A3956D46DE8}") = "MicroServices", "MicroServices", "{1A29018C-406C-4651-9FE4-28EFBD1060DE}"
EndProject
Project("{2150E333-8FDC-42A3-9474-1A3956D46DE8}") = "Presentation", "Presentation", "{4296B84D-05D3-42A7-91B8-77FFB123333E}"
EndProject
Project("{FAE04EC0-301F-11D3-BF4B-00C04F79EFBC}") = "MicroRabbit.Domain.Core", "MicroRabbit.Domain.Core\MicroRabbit.Domain.Core.csproj", "{F2CFF5AE-B517-4C80-8BCE-44E8872E18F5}"
EndProject
Project("{FAE04EC0-301F-11D3-BF4B-00C04F79EFBC}") = "MicroRabbit.Infra.Bus", "MicroRabbit.Infra.Bus\MicroRabbit.Infra.Bus.csproj", "{5297AD7E-72F1-4233-A47A-5416B6F9B460}"
EndProject
Project("{FAE04EC0-301F-11D3-BF4B-00C04F79EFBC}") = "MicroRabbit.Infra.IoC", "MicroRabbit.Infra.IoC\MicroRabbit.Infra.IoC.csproj", "{EBAA9EE4-6D2E-4733-B2D8-E9C31B06C448}"
EndProject
Project("{2150E333-8FDC-42A3-9474-1A3956D46DE8}") = "Banking", "Banking", "{CEF3EAC1-98A9-4A8E-B3C6-6B685704BB7E}"
EndProject
Project("{2150E333-8FDC-42A3-9474-1A3956D46DE8}") = "Api", "Api", "{706D558B-3D11-43CB-91D0-0E946A8BE819}"
EndProject
Project("{2150E333-8FDC-42A3-9474-1A3956D46DE8}") = "Domain", "Domain", "{7006A98E-04D9-4744-952E-CEE09FD8259B}"
EndProject
Project("{2150E333-8FDC-42A3-9474-1A3956D46DE8}") = "Application", "Application", "{C2A63536-AE6F-4C7C-891D-1478CDBCB7BA}"
EndProject
Project("{2150E333-8FDC-42A3-9474-1A3956D46DE8}") = "Data", "Data", "{A361EFA4-16ED-4D42-BB2A-9ADBE3D1658E}"
EndProject
Project("{FAE04EC0-301F-11D3-BF4B-00C04F79EFBC}") = "MicroRabbit.Banking.Api", "MicroRabbit.Banking.Api\MicroRabbit.Banking.Api.csproj", "{B6721651-8FB0-4674-A03A-00693BF9CFA3}"
EndProject
Project("{FAE04EC0-301F-11D3-BF4B-00C04F79EFBC}") = "MicroRabbit.Banking.Application", "MicroRabbit.Banking.Application\MicroRabbit.Banking.Application.csproj", "{12619E6A-CCFC-4533-A49E-00E7DAEB1056}"
EndProject
Project("{FAE04EC0-301F-11D3-BF4B-00C04F79EFBC}") = "MicroRabbit.Banking.Data", "MicroRabbit.Banking.Data\MicroRabbit.Banking.Data.csproj", "{99EDD122-84B1-4017-9387-DBB997BDF43F}"
EndProject
Project("{FAE04EC0-301F-11D3-BF4B-00C04F79EFBC}") = "MicroRabbit.Banking.Domain", "MicroRabbit.Banking.Domain\MicroRabbit.Banking.Domain.csproj", "{A2B2B3F1-9B07-41CB-8854-35E831B0C481}"
EndProject
Project("{2150E333-8FDC-42A3-9474-1A3956D46DE8}") = "Transfer", "Transfer", "{64560542-E1EF-4596-9BEE-461E22994E3B}"
EndProject
Project("{2150E333-8FDC-42A3-9474-1A3956D46DE8}") = "Api", "Api", "{2F7B9713-29D9-42B4-B94B-3B218909FBAC}"
EndProject
Project("{2150E333-8FDC-42A3-9474-1A3956D46DE8}") = "Application", "Application", "{F7990B72-D0DE-42F7-AAC7-CE404FFF7048}"
EndProject
Project("{2150E333-8FDC-42A3-9474-1A3956D46DE8}") = "Domain", "Domain", "{F8B29422-2FA8-4CFC-A7B2-CB6E069B739C}"
EndProject
Project("{2150E333-8FDC-42A3-9474-1A3956D46DE8}") = "Data", "Data", "{800B9B8F-CC69-4E31-9291-76DA337F20B7}"
EndProject
Project("{FAE04EC0-301F-11D3-BF4B-00C04F79EFBC}") = "MicroRabbit.Transfer.Api", "MicroRabbit.Transfer.Api\MicroRabbit.Transfer.Api.csproj", "{FB0BF53E-05AB-4F77-AF54-358C96611296}"
EndProject
Project("{FAE04EC0-301F-11D3-BF4B-00C04F79EFBC}") = "MicroRabbit.Transfer.Application", "MicroRabbit.Transfer.Application\MicroRabbit.Transfer.Application.csproj", "{D0357427-FA40-499C-9557-DDDEDE537C36}"
EndProject
Project("{FAE04EC0-301F-11D3-BF4B-00C04F79EFBC}") = "MicroRabbit.Transfer.Data", "MicroRabbit.Transfer.Data\MicroRabbit.Transfer.Data.csproj", "{54C325A8-1812-4147-B927-DFB7B6805B4D}"
EndProject
Project("{FAE04EC0-301F-11D3-BF4B-00C04F79EFBC}") = "MicroRabbit.Transfer.Domain", "MicroRabbit.Transfer.Domain\MicroRabbit.Transfer.Domain.csproj", "{66E1900B-EF86-421D-A2CF-70B07A4C8F50}"
EndProject
Global
	GlobalSection(SolutionConfigurationPlatforms) = preSolution
		Debug|Any CPU = Debug|Any CPU
		Release|Any CPU = Release|Any CPU
	EndGlobalSection
	GlobalSection(NestedProjects) = preSolution
		{F2CFF5AE-B517-4C80-8BCE-44E8872E18F5} = {C7D397AB-07AC-4C57-83E2-9146E8E51BFE}
		{5297AD7E-72F1-4233-A47A-5416B6F9B460} = {E50F3907-9545-4F3B-8C8A-1C0DF4437064}
		{EBAA9EE4-6D2E-4733-B2D8-E9C31B06C448} = {C4152791-FBCA-49DA-82E9-FAD5BB12352F}
		{CEF3EAC1-98A9-4A8E-B3C6-6B685704BB7E} = {1A29018C-406C-4651-9FE4-28EFBD1060DE}
		{706D558B-3D11-43CB-91D0-0E946A8BE819} = {CEF3EAC1-98A9-4A8E-B3C6-6B685704BB7E}
		{7006A98E-04D9-4744-952E-CEE09FD8259B} = {CEF3EAC1-98A9-4A8E-B3C6-6B685704BB7E}
		{C2A63536-AE6F-4C7C-891D-1478CDBCB7BA} = {CEF3EAC1-98A9-4A8E-B3C6-6B685704BB7E}
		{A361EFA4-16ED-4D42-BB2A-9ADBE3D1658E} = {CEF3EAC1-98A9-4A8E-B3C6-6B685704BB7E}
		{B6721651-8FB0-4674-A03A-00693BF9CFA3} = {706D558B-3D11-43CB-91D0-0E946A8BE819}
		{12619E6A-CCFC-4533-A49E-00E7DAEB1056} = {C2A63536-AE6F-4C7C-891D-1478CDBCB7BA}
		{99EDD122-84B1-4017-9387-DBB997BDF43F} = {A361EFA4-16ED-4D42-BB2A-9ADBE3D1658E}
		{A2B2B3F1-9B07-41CB-8854-35E831B0C481} = {7006A98E-04D9-4744-952E-CEE09FD8259B}
		{64560542-E1EF-4596-9BEE-461E22994E3B} = {1A29018C-406C-4651-9FE4-28EFBD1060DE}
		{2F7B9713-29D9-42B4-B94B-3B218909FBAC} = {64560542-E1EF-4596-9BEE-461E22994E3B}
		{F7990B72-D0DE-42F7-AAC7-CE404FFF7048} = {64560542-E1EF-4596-9BEE-461E22994E3B}
		{F8B29422-2FA8-4CFC-A7B2-CB6E069B739C} = {64560542-E1EF-4596-9BEE-461E22994E3B}
		{800B9B8F-CC69-4E31-9291-76DA337F20B7} = {64560542-E1EF-4596-9BEE-461E22994E3B}
		{FB0BF53E-05AB-4F77-AF54-358C96611296} = {2F7B9713-29D9-42B4-B94B-3B218909FBAC}
		{D0357427-FA40-499C-9557-DDDEDE537C36} = {F7990B72-D0DE-42F7-AAC7-CE404FFF7048}
		{54C325A8-1812-4147-B927-DFB7B6805B4D} = {800B9B8F-CC69-4E31-9291-76DA337F20B7}
		{66E1900B-EF86-421D-A2CF-70B07A4C8F50} = {F8B29422-2FA8-4CFC-A7B2-CB6E069B739C}
	EndGlobalSection
	GlobalSection(ProjectConfigurationPlatforms) = postSolution
		{F2CFF5AE-B517-4C80-8BCE-44E8872E18F5}.Debug|Any CPU.ActiveCfg = Debug|Any CPU
		{F2CFF5AE-B517-4C80-8BCE-44E8872E18F5}.Debug|Any CPU.Build.0 = Debug|Any CPU
		{F2CFF5AE-B517-4C80-8BCE-44E8872E18F5}.Release|Any CPU.ActiveCfg = Release|Any CPU
		{F2CFF5AE-B517-4C80-8BCE-44E8872E18F5}.Release|Any CPU.Build.0 = Release|Any CPU
		{5297AD7E-72F1-4233-A47A-5416B6F9B460}.Debug|Any CPU.ActiveCfg = Debug|Any CPU
		{5297AD7E-72F1-4233-A47A-5416B6F9B460}.Debug|Any CPU.Build.0 = Debug|Any CPU
		{5297AD7E-72F1-4233-A47A-5416B6F9B460}.Release|Any CPU.ActiveCfg = Release|Any CPU
		{5297AD7E-72F1-4233-A47A-5416B6F9B460}.Release|Any CPU.Build.0 = Release|Any CPU
		{EBAA9EE4-6D2E-4733-B2D8-E9C31B06C448}.Debug|Any CPU.ActiveCfg = Debug|Any CPU
		{EBAA9EE4-6D2E-4733-B2D8-E9C31B06C448}.Debug|Any CPU.Build.0 = Debug|Any CPU
		{EBAA9EE4-6D2E-4733-B2D8-E9C31B06C448}.Release|Any CPU.ActiveCfg = Release|Any CPU
		{EBAA9EE4-6D2E-4733-B2D8-E9C31B06C448}.Release|Any CPU.Build.0 = Release|Any CPU
		{B6721651-8FB0-4674-A03A-00693BF9CFA3}.Debug|Any CPU.ActiveCfg = Debug|Any CPU
		{B6721651-8FB0-4674-A03A-00693BF9CFA3}.Debug|Any CPU.Build.0 = Debug|Any CPU
		{B6721651-8FB0-4674-A03A-00693BF9CFA3}.Release|Any CPU.ActiveCfg = Release|Any CPU
		{B6721651-8FB0-4674-A03A-00693BF9CFA3}.Release|Any CPU.Build.0 = Release|Any CPU
		{12619E6A-CCFC-4533-A49E-00E7DAEB1056}.Debug|Any CPU.ActiveCfg = Debug|Any CPU
		{12619E6A-CCFC-4533-A49E-00E7DAEB1056}.Debug|Any CPU.Build.0 = Debug|Any CPU
		{12619E6A-CCFC-4533-A49E-00E7DAEB1056}.Release|Any CPU.ActiveCfg = Release|Any CPU
		{12619E6A-CCFC-4533-A49E-00E7DAEB1056}.Release|Any CPU.Build.0 = Release|Any CPU
		{99EDD122-84B1-4017-9387-DBB997BDF43F}.Debug|Any CPU.ActiveCfg = Debug|Any CPU
		{99EDD122-84B1-4017-9387-DBB997BDF43F}.Debug|Any CPU.Build.0 = Debug|Any CPU
		{99EDD122-84B1-4017-9387-DBB997BDF43F}.Release|Any CPU.ActiveCfg = Release|Any CPU
		{99EDD122-84B1-4017-9387-DBB997BDF43F}.Release|Any CPU.Build.0 = Release|Any CPU
		{A2B2B3F1-9B07-41CB-8854-35E831B0C481}.Debug|Any CPU.ActiveCfg = Debug|Any CPU
		{A2B2B3F1-9B07-41CB-8854-35E831B0C481}.Debug|Any CPU.Build.0 = Debug|Any CPU
		{A2B2B3F1-9B07-41CB-8854-35E831B0C481}.Release|Any CPU.ActiveCfg = Release|Any CPU
		{A2B2B3F1-9B07-41CB-8854-35E831B0C481}.Release|Any CPU.Build.0 = Release|Any CPU
		{FB0BF53E-05AB-4F77-AF54-358C96611296}.Debug|Any CPU.ActiveCfg = Debug|Any CPU
		{FB0BF53E-05AB-4F77-AF54-358C96611296}.Debug|Any CPU.Build.0 = Debug|Any CPU
		{FB0BF53E-05AB-4F77-AF54-358C96611296}.Release|Any CPU.ActiveCfg = Release|Any CPU
		{FB0BF53E-05AB-4F77-AF54-358C96611296}.Release|Any CPU.Build.0 = Release|Any CPU
		{D0357427-FA40-499C-9557-DDDEDE537C36}.Debug|Any CPU.ActiveCfg = Debug|Any CPU
		{D0357427-FA40-499C-9557-DDDEDE537C36}.Debug|Any CPU.Build.0 = Debug|Any CPU
		{D0357427-FA40-499C-9557-DDDEDE537C36}.Release|Any CPU.ActiveCfg = Release|Any CPU
		{D0357427-FA40-499C-9557-DDDEDE537C36}.Release|Any CPU.Build.0 = Release|Any CPU
		{54C325A8-1812-4147-B927-DFB7B6805B4D}.Debug|Any CPU.ActiveCfg = Debug|Any CPU
		{54C325A8-1812-4147-B927-DFB7B6805B4D}.Debug|Any CPU.Build.0 = Debug|Any CPU
		{54C325A8-1812-4147-B927-DFB7B6805B4D}.Release|Any CPU.ActiveCfg = Release|Any CPU
		{54C325A8-1812-4147-B927-DFB7B6805B4D}.Release|Any CPU.Build.0 = Release|Any CPU
		{66E1900B-EF86-421D-A2CF-70B07A4C8F50}.Debug|Any CPU.ActiveCfg = Debug|Any CPU
		{66E1900B-EF86-421D-A2CF-70B07A4C8F50}.Debug|Any CPU.Build.0 = Debug|Any CPU
		{66E1900B-EF86-421D-A2CF-70B07A4C8F50}.Release|Any CPU.ActiveCfg = Release|Any CPU
		{66E1900B-EF86-421D-A2CF-70B07A4C8F50}.Release|Any CPU.Build.0 = Release|Any CPU
	EndGlobalSection
EndGlobal
